
Microsoft Visual Studio Solution File, Format Version 12.00
# Visual Studio Version 17
VisualStudioVersion = 17.1.32228.430
MinimumVisualStudioVersion = 10.0.40219.1
Project("{9A19103F-16F7-4668-BE54-9A1E7A4F7556}") = "HealthPartnerWeb", "HealthPartnerWeb\HealthPartnerWeb.csproj", "{845CB74D-BD10-40A2-984A-176B86F93954}"
EndProject
Project("{FAE04EC0-301F-11D3-BF4B-00C04F79EFBC}") = "HealthPartner.Data", "HealthPartner.Data\HealthPartner.Data.csproj", "{52C5C0C4-B60C-45A3-9220-A0C4F679121B}"
EndProject
Project("{FAE04EC0-301F-11D3-BF4B-00C04F79EFBC}") = "HealthPartner.Model", "HealthPartner.Models\HealthPartner.Model.csproj", "{7856A352-FA1B-4F58-8311-0262FF9962B3}"
EndProject
Project("{FAE04EC0-301F-11D3-BF4B-00C04F79EFBC}") = "HealthPartner.Utility", "HealthPartner.Utility\HealthPartner.Utility.csproj", "{1BF382EA-647C-4D5F-B6E1-5C351761CAD9}"
EndProject
Global
	GlobalSection(SolutionConfigurationPlatforms) = preSolution
		Debug|Any CPU = Debug|Any CPU
		Release|Any CPU = Release|Any CPU
	EndGlobalSection
	GlobalSection(ProjectConfigurationPlatforms) = postSolution
		{845CB74D-BD10-40A2-984A-176B86F93954}.Debug|Any CPU.ActiveCfg = Debug|Any CPU
		{845CB74D-BD10-40A2-984A-176B86F93954}.Debug|Any CPU.Build.0 = Debug|Any CPU
		{845CB74D-BD10-40A2-984A-176B86F93954}.Release|Any CPU.ActiveCfg = Release|Any CPU
		{845CB74D-BD10-40A2-984A-176B86F93954}.Release|Any CPU.Build.0 = Release|Any CPU
		{52C5C0C4-B60C-45A3-9220-A0C4F679121B}.Debug|Any CPU.ActiveCfg = Debug|Any CPU
		{52C5C0C4-B60C-45A3-9220-A0C4F679121B}.Debug|Any CPU.Build.0 = Debug|Any CPU
		{52C5C0C4-B60C-45A3-9220-A0C4F679121B}.Release|Any CPU.ActiveCfg = Release|Any CPU
		{52C5C0C4-B60C-45A3-9220-A0C4F679121B}.Release|Any CPU.Build.0 = Release|Any CPU
		{7856A352-FA1B-4F58-8311-0262FF9962B3}.Debug|Any CPU.ActiveCfg = Debug|Any CPU
		{7856A352-FA1B-4F58-8311-0262FF9962B3}.Debug|Any CPU.Build.0 = Debug|Any CPU
		{7856A352-FA1B-4F58-8311-0262FF9962B3}.Release|Any CPU.ActiveCfg = Release|Any CPU
		{7856A352-FA1B-4F58-8311-0262FF9962B3}.Release|Any CPU.Build.0 = Release|Any CPU
		{1BF382EA-647C-4D5F-B6E1-5C351761CAD9}.Debug|Any CPU.ActiveCfg = Debug|Any CPU
		{1BF382EA-647C-4D5F-B6E1-5C351761CAD9}.Debug|Any CPU.Build.0 = Debug|Any CPU
		{1BF382EA-647C-4D5F-B6E1-5C351761CAD9}.Release|Any CPU.ActiveCfg = Release|Any CPU
		{1BF382EA-647C-4D5F-B6E1-5C351761CAD9}.Release|Any CPU.Build.0 = Release|Any CPU
	EndGlobalSection
	GlobalSection(SolutionProperties) = preSolution
		HideSolutionNode = FALSE
	EndGlobalSection
	GlobalSection(ExtensibilityGlobals) = postSolution
		SolutionGuid = {3453F168-5CA4-4A93-9D2A-E49DE83D04DA}
	EndGlobalSection
EndGlobal
